
Microsoft Visual Studio Solution File, Format Version 12.00
# Visual Studio Version 18
VisualStudioVersion = 18.0.11222.15
MinimumVisualStudioVersion = 10.0.40219.1
Project("{FAE04EC0-301F-11D3-BF4B-00C04F79EFBC}") = "HMCTS", "HMCTS\HMCTS.csproj", "{F3AE5357-B49B-40A3-8FAA-F75F30D9B99B}"
EndProject
Project("{FAE04EC0-301F-11D3-BF4B-00C04F79EFBC}") = "HMCTS.logic", "HMCTS.logic\HMCTS.logic.csproj", "{9E40AD2D-3018-41C4-99EB-4427EA0C0DF5}"
EndProject
Project("{FAE04EC0-301F-11D3-BF4B-00C04F79EFBC}") = "HMCTS.API", "HMCTS.API\HMCTS.API.csproj", "{C92EC071-7870-449C-A8FF-E43BDE83AA6F}"
EndProject
Project("{FAE04EC0-301F-11D3-BF4B-00C04F79EFBC}") = "HMCTS.utests", "HMCTS.utests\HMCTS.utests.csproj", "{E890D117-97B8-4F88-BFC2-872F063CF9B2}"
EndProject
Global
	GlobalSection(SolutionConfigurationPlatforms) = preSolution
		Debug|Any CPU = Debug|Any CPU
		Release|Any CPU = Release|Any CPU
	EndGlobalSection
	GlobalSection(ProjectConfigurationPlatforms) = postSolution
		{F3AE5357-B49B-40A3-8FAA-F75F30D9B99B}.Debug|Any CPU.ActiveCfg = Debug|Any CPU
		{F3AE5357-B49B-40A3-8FAA-F75F30D9B99B}.Debug|Any CPU.Build.0 = Debug|Any CPU
		{F3AE5357-B49B-40A3-8FAA-F75F30D9B99B}.Release|Any CPU.ActiveCfg = Release|Any CPU
		{F3AE5357-B49B-40A3-8FAA-F75F30D9B99B}.Release|Any CPU.Build.0 = Release|Any CPU
		{9E40AD2D-3018-41C4-99EB-4427EA0C0DF5}.Debug|Any CPU.ActiveCfg = Debug|Any CPU
		{9E40AD2D-3018-41C4-99EB-4427EA0C0DF5}.Debug|Any CPU.Build.0 = Debug|Any CPU
		{9E40AD2D-3018-41C4-99EB-4427EA0C0DF5}.Release|Any CPU.ActiveCfg = Release|Any CPU
		{9E40AD2D-3018-41C4-99EB-4427EA0C0DF5}.Release|Any CPU.Build.0 = Release|Any CPU
		{C92EC071-7870-449C-A8FF-E43BDE83AA6F}.Debug|Any CPU.ActiveCfg = Debug|Any CPU
		{C92EC071-7870-449C-A8FF-E43BDE83AA6F}.Debug|Any CPU.Build.0 = Debug|Any CPU
		{C92EC071-7870-449C-A8FF-E43BDE83AA6F}.Release|Any CPU.ActiveCfg = Release|Any CPU
		{C92EC071-7870-449C-A8FF-E43BDE83AA6F}.Release|Any CPU.Build.0 = Release|Any CPU
		{E890D117-97B8-4F88-BFC2-872F063CF9B2}.Debug|Any CPU.ActiveCfg = Debug|Any CPU
		{E890D117-97B8-4F88-BFC2-872F063CF9B2}.Debug|Any CPU.Build.0 = Debug|Any CPU
		{E890D117-97B8-4F88-BFC2-872F063CF9B2}.Release|Any CPU.ActiveCfg = Release|Any CPU
		{E890D117-97B8-4F88-BFC2-872F063CF9B2}.Release|Any CPU.Build.0 = Release|Any CPU
	EndGlobalSection
	GlobalSection(SolutionProperties) = preSolution
		HideSolutionNode = FALSE
	EndGlobalSection
	GlobalSection(ExtensibilityGlobals) = postSolution
		SolutionGuid = {18017077-FB9C-4723-AD6C-883ACE5856D0}
	EndGlobalSection
EndGlobal
